
Microsoft Visual Studio Solution File, Format Version 12.00
# Visual Studio 15
Project("{FAE04EC0-301F-11D3-BF4B-00C04F79EFBC}") = "ShangDong2021_20230228", "Assembly-CSharp.csproj", "{B9BE6B2A-DD33-6926-DB89-EA130E0F0FC5}"
EndProject
Project("{FAE04EC0-301F-11D3-BF4B-00C04F79EFBC}") = "ShangDong2021_20230228", "Assembly-CSharp-Editor.csproj", "{AB746653-BE3F-3D48-E268-D5632E8D5AD7}"
EndProject
Global
	GlobalSection(SolutionConfigurationPlatforms) = preSolution
		Debug|Any CPU = Debug|Any CPU
		Release|Any CPU = Release|Any CPU
	EndGlobalSection
	GlobalSection(ProjectConfigurationPlatforms) = postSolution
		{B9BE6B2A-DD33-6926-DB89-EA130E0F0FC5}.Debug|Any CPU.ActiveCfg = Debug|Any CPU
		{B9BE6B2A-DD33-6926-DB89-EA130E0F0FC5}.Debug|Any CPU.Build.0 = Debug|Any CPU
		{B9BE6B2A-DD33-6926-DB89-EA130E0F0FC5}.Release|Any CPU.ActiveCfg = Release|Any CPU
		{B9BE6B2A-DD33-6926-DB89-EA130E0F0FC5}.Release|Any CPU.Build.0 = Release|Any CPU
		{AB746653-BE3F-3D48-E268-D5632E8D5AD7}.Debug|Any CPU.ActiveCfg = Debug|Any CPU
		{AB746653-BE3F-3D48-E268-D5632E8D5AD7}.Debug|Any CPU.Build.0 = Debug|Any CPU
		{AB746653-BE3F-3D48-E268-D5632E8D5AD7}.Release|Any CPU.ActiveCfg = Release|Any CPU
		{AB746653-BE3F-3D48-E268-D5632E8D5AD7}.Release|Any CPU.Build.0 = Release|Any CPU
	EndGlobalSection
	GlobalSection(SolutionProperties) = preSolution
		HideSolutionNode = FALSE
	EndGlobalSection
EndGlobal
